
Microsoft Visual Studio Solution File, Format Version 12.00
# Visual Studio Version 17
VisualStudioVersion = 17.4.33205.214
MinimumVisualStudioVersion = 10.0.40219.1
Project("{FAE04EC0-301F-11D3-BF4B-00C04F79EFBC}") = "Homework18", "Homework18\Homework18.csproj", "{B6522049-854A-460B-BC01-C0CFC1F0E3B9}"
EndProject
Project("{FAE04EC0-301F-11D3-BF4B-00C04F79EFBC}") = "FactoryLogic", "FactoryLogic\FactoryLogic.csproj", "{01F43A48-B991-470F-8097-DA3E684E6F7C}"
EndProject
Global
	GlobalSection(SolutionConfigurationPlatforms) = preSolution
		Debug|Any CPU = Debug|Any CPU
		Release|Any CPU = Release|Any CPU
	EndGlobalSection
	GlobalSection(ProjectConfigurationPlatforms) = postSolution
		{B6522049-854A-460B-BC01-C0CFC1F0E3B9}.Debug|Any CPU.ActiveCfg = Debug|Any CPU
		{B6522049-854A-460B-BC01-C0CFC1F0E3B9}.Debug|Any CPU.Build.0 = Debug|Any CPU
		{B6522049-854A-460B-BC01-C0CFC1F0E3B9}.Release|Any CPU.ActiveCfg = Release|Any CPU
		{B6522049-854A-460B-BC01-C0CFC1F0E3B9}.Release|Any CPU.Build.0 = Release|Any CPU
		{01F43A48-B991-470F-8097-DA3E684E6F7C}.Debug|Any CPU.ActiveCfg = Debug|Any CPU
		{01F43A48-B991-470F-8097-DA3E684E6F7C}.Debug|Any CPU.Build.0 = Debug|Any CPU
		{01F43A48-B991-470F-8097-DA3E684E6F7C}.Release|Any CPU.ActiveCfg = Release|Any CPU
		{01F43A48-B991-470F-8097-DA3E684E6F7C}.Release|Any CPU.Build.0 = Release|Any CPU
	EndGlobalSection
	GlobalSection(SolutionProperties) = preSolution
		HideSolutionNode = FALSE
	EndGlobalSection
	GlobalSection(ExtensibilityGlobals) = postSolution
		SolutionGuid = {B68F411D-8565-429E-B8F9-B9E328E9F33B}
	EndGlobalSection
EndGlobal
